
Microsoft Visual Studio Solution File, Format Version 12.00
# Visual Studio Version 16
VisualStudioVersion = 25.0.1706.6
MinimumVisualStudioVersion = 10.0.40219.1
Project("{FAE04EC0-301F-11D3-BF4B-00C04F79EFBC}") = "ReduxLogin", "ReduxLogin\ReduxLogin.csproj", "{E45CFBBF-4B2F-493A-A2E6-19920D4E3B38}"
EndProject
Project("{FAE04EC0-301F-11D3-BF4B-00C04F79EFBC}") = "ReduxServices", "ReduxServices\ReduxServices.csproj", "{A125630B-7CC5-4703-A685-5EE67B86F6E3}"
EndProject
Global
	GlobalSection(SolutionConfigurationPlatforms) = preSolution
		Debug|Any CPU = Debug|Any CPU
		Release|Any CPU = Release|Any CPU
	EndGlobalSection
	GlobalSection(ProjectConfigurationPlatforms) = postSolution
		{E45CFBBF-4B2F-493A-A2E6-19920D4E3B38}.Debug|Any CPU.ActiveCfg = Debug|Any CPU
		{E45CFBBF-4B2F-493A-A2E6-19920D4E3B38}.Debug|Any CPU.Build.0 = Debug|Any CPU
		{E45CFBBF-4B2F-493A-A2E6-19920D4E3B38}.Release|Any CPU.ActiveCfg = Release|Any CPU
		{E45CFBBF-4B2F-493A-A2E6-19920D4E3B38}.Release|Any CPU.Build.0 = Release|Any CPU
		{A125630B-7CC5-4703-A685-5EE67B86F6E3}.Debug|Any CPU.ActiveCfg = Debug|Any CPU
		{A125630B-7CC5-4703-A685-5EE67B86F6E3}.Debug|Any CPU.Build.0 = Debug|Any CPU
		{A125630B-7CC5-4703-A685-5EE67B86F6E3}.Release|Any CPU.ActiveCfg = Release|Any CPU
		{A125630B-7CC5-4703-A685-5EE67B86F6E3}.Release|Any CPU.Build.0 = Release|Any CPU
	EndGlobalSection
	GlobalSection(SolutionProperties) = preSolution
		HideSolutionNode = FALSE
	EndGlobalSection
	GlobalSection(ExtensibilityGlobals) = postSolution
		SolutionGuid = {7F836B18-B725-44EE-8461-C7A29FBFFD7E}
	EndGlobalSection
EndGlobal
